
Microsoft Visual Studio Solution File, Format Version 12.00
# Visual Studio Version 17
VisualStudioVersion = 17.0.32014.148
MinimumVisualStudioVersion = 10.0.40219.1
Project("{9A19103F-16F7-4668-BE54-9A1E7A4F7556}") = "ReactWithDotNet", "ReactWithDotNet\ReactWithDotNet.csproj", "{ABF5AA3B-7A14-4F34-8FE8-54834754D237}"
EndProject
Project("{9A19103F-16F7-4668-BE54-9A1E7A4F7556}") = "QuranAnalyzer", "QuranAnalyzer\QuranAnalyzer.csproj", "{C2108589-1D5A-417A-91D8-B54933EC1189}"
EndProject
Project("{9A19103F-16F7-4668-BE54-9A1E7A4F7556}") = "QuranAnalyzer.Tests", "QuranAnalyzer.Tests\QuranAnalyzer.Tests.csproj", "{D13D32FA-30DF-4F60-9A53-422DAA4992C4}"
EndProject
Project("{9A19103F-16F7-4668-BE54-9A1E7A4F7556}") = "QuranAnalyzer.WebUI", "QuranAnalyzer.WebUI\QuranAnalyzer.WebUI.csproj", "{FF58F6B6-E466-44E2-A5E7-089308A39546}"
EndProject
Project("{9A19103F-16F7-4668-BE54-9A1E7A4F7556}") = "ReactWithDotNet.Libraries", "ReactWithDotNet.Libraries\ReactWithDotNet.Libraries.csproj", "{14913BC9-3D78-4A2D-85E3-AB0B0D670057}"
EndProject
Project("{9A19103F-16F7-4668-BE54-9A1E7A4F7556}") = "AlyaVillas.WebUI", "AlyaVillas.WebUI\AlyaVillas.WebUI.csproj", "{44BC3583-B650-4408-B82C-25B72CDED430}"
EndProject
Project("{9A19103F-16F7-4668-BE54-9A1E7A4F7556}") = "ReactWithDotNet.WebSite", "ReactWithDotNet.WebSite\ReactWithDotNet.WebSite.csproj", "{A995C489-B0D2-4E43-80AA-D3E2BDFF9C07}"
EndProject
Global
	GlobalSection(SolutionConfigurationPlatforms) = preSolution
		Debug|Any CPU = Debug|Any CPU
		Release|Any CPU = Release|Any CPU
	EndGlobalSection
	GlobalSection(ProjectConfigurationPlatforms) = postSolution
		{ABF5AA3B-7A14-4F34-8FE8-54834754D237}.Debug|Any CPU.ActiveCfg = Debug|Any CPU
		{ABF5AA3B-7A14-4F34-8FE8-54834754D237}.Debug|Any CPU.Build.0 = Debug|Any CPU
		{ABF5AA3B-7A14-4F34-8FE8-54834754D237}.Release|Any CPU.ActiveCfg = Release|Any CPU
		{ABF5AA3B-7A14-4F34-8FE8-54834754D237}.Release|Any CPU.Build.0 = Release|Any CPU
		{C2108589-1D5A-417A-91D8-B54933EC1189}.Debug|Any CPU.ActiveCfg = Debug|Any CPU
		{C2108589-1D5A-417A-91D8-B54933EC1189}.Debug|Any CPU.Build.0 = Debug|Any CPU
		{C2108589-1D5A-417A-91D8-B54933EC1189}.Release|Any CPU.ActiveCfg = Release|Any CPU
		{C2108589-1D5A-417A-91D8-B54933EC1189}.Release|Any CPU.Build.0 = Release|Any CPU
		{D13D32FA-30DF-4F60-9A53-422DAA4992C4}.Debug|Any CPU.ActiveCfg = Debug|Any CPU
		{D13D32FA-30DF-4F60-9A53-422DAA4992C4}.Debug|Any CPU.Build.0 = Debug|Any CPU
		{D13D32FA-30DF-4F60-9A53-422DAA4992C4}.Release|Any CPU.ActiveCfg = Release|Any CPU
		{D13D32FA-30DF-4F60-9A53-422DAA4992C4}.Release|Any CPU.Build.0 = Release|Any CPU
		{FF58F6B6-E466-44E2-A5E7-089308A39546}.Debug|Any CPU.ActiveCfg = Debug|Any CPU
		{FF58F6B6-E466-44E2-A5E7-089308A39546}.Debug|Any CPU.Build.0 = Debug|Any CPU
		{FF58F6B6-E466-44E2-A5E7-089308A39546}.Release|Any CPU.ActiveCfg = Release|Any CPU
		{FF58F6B6-E466-44E2-A5E7-089308A39546}.Release|Any CPU.Build.0 = Release|Any CPU
		{14913BC9-3D78-4A2D-85E3-AB0B0D670057}.Debug|Any CPU.ActiveCfg = Debug|Any CPU
		{14913BC9-3D78-4A2D-85E3-AB0B0D670057}.Debug|Any CPU.Build.0 = Debug|Any CPU
		{14913BC9-3D78-4A2D-85E3-AB0B0D670057}.Release|Any CPU.ActiveCfg = Release|Any CPU
		{14913BC9-3D78-4A2D-85E3-AB0B0D670057}.Release|Any CPU.Build.0 = Release|Any CPU
		{44BC3583-B650-4408-B82C-25B72CDED430}.Debug|Any CPU.ActiveCfg = Debug|Any CPU
		{44BC3583-B650-4408-B82C-25B72CDED430}.Debug|Any CPU.Build.0 = Debug|Any CPU
		{44BC3583-B650-4408-B82C-25B72CDED430}.Release|Any CPU.ActiveCfg = Release|Any CPU
		{44BC3583-B650-4408-B82C-25B72CDED430}.Release|Any CPU.Build.0 = Release|Any CPU
		{A995C489-B0D2-4E43-80AA-D3E2BDFF9C07}.Debug|Any CPU.ActiveCfg = Debug|Any CPU
		{A995C489-B0D2-4E43-80AA-D3E2BDFF9C07}.Debug|Any CPU.Build.0 = Debug|Any CPU
		{A995C489-B0D2-4E43-80AA-D3E2BDFF9C07}.Release|Any CPU.ActiveCfg = Release|Any CPU
		{A995C489-B0D2-4E43-80AA-D3E2BDFF9C07}.Release|Any CPU.Build.0 = Release|Any CPU
	EndGlobalSection
	GlobalSection(SolutionProperties) = preSolution
		HideSolutionNode = FALSE
	EndGlobalSection
	GlobalSection(ExtensibilityGlobals) = postSolution
		SolutionGuid = {DE2102C7-A6D2-4046-90A1-F2BFA3DF5035}
	EndGlobalSection
EndGlobal
