
Microsoft Visual Studio Solution File, Format Version 12.00
# Visual Studio Version 16
VisualStudioVersion = 16.0.31911.196
MinimumVisualStudioVersion = 10.0.40219.1
Project("{FAE04EC0-301F-11D3-BF4B-00C04F79EFBC}") = "ReactDotNet.ComponentPreviewVsExtension", "src\ReactDotNet.ComponentPreviewVsExtension.csproj", "{479551DD-A7B1-49F9-9D01-21D6321FDBD6}"
EndProject
Project("{FAE04EC0-301F-11D3-BF4B-00C04F79EFBC}") = "ReactDotNet.ComponentPreviewVsExtension.Test", "test\ReactDotNet.ComponentPreviewVsExtension.Test.csproj", "{7827EE92-62AD-475B-878D-5D53888F3623}"
EndProject
Project("{FAE04EC0-301F-11D3-BF4B-00C04F79EFBC}") = "FP", "..\..\FP\FP.csproj", "{476C73E0-2AE3-4004-AF65-BB47FD2F4AD4}"
EndProject
Global
	GlobalSection(SolutionConfigurationPlatforms) = preSolution
		Debug|Any CPU = Debug|Any CPU
		Release|Any CPU = Release|Any CPU
	EndGlobalSection
	GlobalSection(ProjectConfigurationPlatforms) = postSolution
		{479551DD-A7B1-49F9-9D01-21D6321FDBD6}.Debug|Any CPU.ActiveCfg = Debug|Any CPU
		{479551DD-A7B1-49F9-9D01-21D6321FDBD6}.Debug|Any CPU.Build.0 = Debug|Any CPU
		{479551DD-A7B1-49F9-9D01-21D6321FDBD6}.Release|Any CPU.ActiveCfg = Release|Any CPU
		{479551DD-A7B1-49F9-9D01-21D6321FDBD6}.Release|Any CPU.Build.0 = Release|Any CPU
		{7827EE92-62AD-475B-878D-5D53888F3623}.Debug|Any CPU.ActiveCfg = Debug|Any CPU
		{7827EE92-62AD-475B-878D-5D53888F3623}.Debug|Any CPU.Build.0 = Debug|Any CPU
		{7827EE92-62AD-475B-878D-5D53888F3623}.Release|Any CPU.ActiveCfg = Release|Any CPU
		{7827EE92-62AD-475B-878D-5D53888F3623}.Release|Any CPU.Build.0 = Release|Any CPU
		{476C73E0-2AE3-4004-AF65-BB47FD2F4AD4}.Debug|Any CPU.ActiveCfg = Debug|Any CPU
		{476C73E0-2AE3-4004-AF65-BB47FD2F4AD4}.Debug|Any CPU.Build.0 = Debug|Any CPU
		{476C73E0-2AE3-4004-AF65-BB47FD2F4AD4}.Release|Any CPU.ActiveCfg = Release|Any CPU
		{476C73E0-2AE3-4004-AF65-BB47FD2F4AD4}.Release|Any CPU.Build.0 = Release|Any CPU
	EndGlobalSection
	GlobalSection(SolutionProperties) = preSolution
		HideSolutionNode = FALSE
	EndGlobalSection
	GlobalSection(ExtensibilityGlobals) = postSolution
		SolutionGuid = {DE2102C7-A6D2-4046-90A1-F2BFA3DF5035}
	EndGlobalSection
EndGlobal
